schema: '2.0'
stages:
  train:
    cmd: run
    deps:
    - path: data
      md5: d751713988987e9331980363e24189ce.dir
      size: 0
      nfiles: 0
    - path: src/
      md5: bd30ec5a8d2e9798d00c0923edda641c.dir
      size: 65898721
      nfiles: 693
    params:
      src/config.py: {}
    outs:
    - path: model_data/
      md5: 6df6945f86647f0af6898fdaba52e64a.dir
      size: 177896
      nfiles: 9
